// !$*UTF8*$!
{
	archiveVersion = 1;
	classes = {
	};
	objectVersion = 50;
	objects = {

/* Begin PBXBuildFile section */
		18A8B42E468E357A1C021F11 /* Pods_Cal_Hacks_TBDUITests.framework in Frameworks */ = {isa = PBXBuildFile; fileRef = ACDD54506DCE2F3A449E8421 /* Pods_Cal_Hacks_TBDUITests.framework */; };
		2505241A88BF9E37BCF7FEA6 /* Pods_Cal_Hacks_TBD.framework in Frameworks */ = {isa = PBXBuildFile; fileRef = 11B94983741AF1FAAC2BA962 /* Pods_Cal_Hacks_TBD.framework */; };
		890325E121CF4FC30065183F /* statushub.swift in Sources */ = {isa = PBXBuildFile; fileRef = 890325E021CF4FC30065183F /* statushub.swift */; };
		890325E321CF52E30065183F /* progressHub.swift in Sources */ = {isa = PBXBuildFile; fileRef = 890325E221CF52E30065183F /* progressHub.swift */; };
		891F9F6621D6EE5400B906A1 /* icons8-search.undefined in Resources */ = {isa = PBXBuildFile; fileRef = 891F9F6521D6EE5400B906A1 /* icons8-search.undefined */; };
		891F9F6821D6F04500B906A1 /* icons8-search-39.png in Resources */ = {isa = PBXBuildFile; fileRef = 891F9F6721D6F04500B906A1 /* icons8-search-39.png */; };
		891F9F6A21D6F23A00B906A1 /* icons8-cash-in-hand-20.png in Resources */ = {isa = PBXBuildFile; fileRef = 891F9F6921D6F23900B906A1 /* icons8-cash-in-hand-20.png */; };
		891F9F7021D6F3D500B906A1 /* icons8-settings-20.png in Resources */ = {isa = PBXBuildFile; fileRef = 891F9F6F21D6F3D500B906A1 /* icons8-settings-20.png */; };
		891F9F7221D6F51300B906A1 /* icons8-privacy-20.png in Resources */ = {isa = PBXBuildFile; fileRef = 891F9F7121D6F51300B906A1 /* icons8-privacy-20.png */; };
		891F9F7421D6F66500B906A1 /* icons8-exit-20.png in Resources */ = {isa = PBXBuildFile; fileRef = 891F9F7321D6F66400B906A1 /* icons8-exit-20.png */; };
		891F9F7621D6FDED00B906A1 /* icons8-menu-filled-30.png in Resources */ = {isa = PBXBuildFile; fileRef = 891F9F7521D6FDEC00B906A1 /* icons8-menu-filled-30.png */; };
		891F9F7821D6FE4900B906A1 /* icons8-menu-30.png in Resources */ = {isa = PBXBuildFile; fileRef = 891F9F7721D6FE4800B906A1 /* icons8-menu-30.png */; };
		891F9F7A21D6FEEB00B906A1 /* icons8-contacts-30.png in Resources */ = {isa = PBXBuildFile; fileRef = 891F9F7921D6FEEB00B906A1 /* icons8-contacts-30.png */; };
		891F9F7C21D6FF8D00B906A1 /* icons8-todo-list-30.png in Resources */ = {isa = PBXBuildFile; fileRef = 891F9F7B21D6FF8C00B906A1 /* icons8-todo-list-30.png */; };
		891F9F7E21D702EE00B906A1 /* icons8-map-30.png in Resources */ = {isa = PBXBuildFile; fileRef = 891F9F7D21D702ED00B906A1 /* icons8-map-30.png */; };
		891F9F8421D706F100B906A1 /* icons8-help-20.png in Resources */ = {isa = PBXBuildFile; fileRef = 891F9F8321D706F000B906A1 /* icons8-help-20.png */; };
		89452E4A21C82120004507C1 /* PossibleContracts.swift in Sources */ = {isa = PBXBuildFile; fileRef = 89452E4921C8211F004507C1 /* PossibleContracts.swift */; };
		8951F29621CAC7C000ADC9A6 /* NavigationSearch.swift in Sources */ = {isa = PBXBuildFile; fileRef = 8951F29521CAC7C000ADC9A6 /* NavigationSearch.swift */; };
		8951F29821CAD35100ADC9A6 /* 16487850_1239128962845366_7463767683814845351_o.jpg in Resources */ = {isa = PBXBuildFile; fileRef = 8951F29721CAD35100ADC9A6 /* 16487850_1239128962845366_7463767683814845351_o.jpg */; };
		89756DA5219E3F58009002F5 /* animated_cart.gif in Resources */ = {isa = PBXBuildFile; fileRef = 89756DA4219E3F57009002F5 /* animated_cart.gif */; };
		89756DA7219E3FA0009002F5 /* shoppingcart.png in Resources */ = {isa = PBXBuildFile; fileRef = 89756DA6219E3F9F009002F5 /* shoppingcart.png */; };
		89756DA9219E8382009002F5 /* SideMenuTableViewController.swift in Sources */ = {isa = PBXBuildFile; fileRef = 89756DA8219E8382009002F5 /* SideMenuTableViewController.swift */; };
		89756DAB219E8D67009002F5 /* MainViewController.swift in Sources */ = {isa = PBXBuildFile; fileRef = 89756DAA219E8D67009002F5 /* MainViewController.swift */; };
		89917CE1218D3CC700861141 /* AppDelegate.swift in Sources */ = {isa = PBXBuildFile; fileRef = 89917CE0218D3CC700861141 /* AppDelegate.swift */; };
		89917CE3218D3CC700861141 /* ViewController.swift in Sources */ = {isa = PBXBuildFile; fileRef = 89917CE2218D3CC700861141 /* ViewController.swift */; };
		89917CE6218D3CC700861141 /* Main.storyboard in Resources */ = {isa = PBXBuildFile; fileRef = 89917CE4218D3CC700861141 /* Main.storyboard */; };
		89917CE8218D3CC900861141 /* Assets.xcassets in Resources */ = {isa = PBXBuildFile; fileRef = 89917CE7218D3CC900861141 /* Assets.xcassets */; };
		89917CEB218D3CC900861141 /* LaunchScreen.storyboard in Resources */ = {isa = PBXBuildFile; fileRef = 89917CE9218D3CC900861141 /* LaunchScreen.storyboard */; };
		89917CF6218D3CC900861141 /* Cal_Hacks_TBDTests.swift in Sources */ = {isa = PBXBuildFile; fileRef = 89917CF5218D3CC900861141 /* Cal_Hacks_TBDTests.swift */; };
		89917D01218D3CC900861141 /* Cal_Hacks_TBDUITests.swift in Sources */ = {isa = PBXBuildFile; fileRef = 89917D00218D3CC900861141 /* Cal_Hacks_TBDUITests.swift */; };
		89917D0F218D3F6000861141 /* MapViewController.swift in Sources */ = {isa = PBXBuildFile; fileRef = 89917D0E218D3F6000861141 /* MapViewController.swift */; };
		899305DC21DA00CA000CA9D9 /* icons8-go-back-30.png in Resources */ = {isa = PBXBuildFile; fileRef = 899305DB21DA00C9000CA9D9 /* icons8-go-back-30.png */; };
		899305DE21DA00F6000CA9D9 /* icons8-undo-30.png in Resources */ = {isa = PBXBuildFile; fileRef = 899305DD21DA00F5000CA9D9 /* icons8-undo-30.png */; };
		89ADD1F9218F20B000598202 /* 45294695_497045064132053_268298893219856384_n.png in Resources */ = {isa = PBXBuildFile; fileRef = 89ADD1F8218F20AF00598202 /* 45294695_497045064132053_268298893219856384_n.png */; };
		89ADD1FB218F212D00598202 /* logo transparent background.png in Resources */ = {isa = PBXBuildFile; fileRef = 89ADD1FA218F212D00598202 /* logo transparent background.png */; };
		89BCC286218E2ADD0078FFFD /* SignUp.swift in Sources */ = {isa = PBXBuildFile; fileRef = 89BCC285218E2ADD0078FFFD /* SignUp.swift */; };
		89BCC290218E7ABA0078FFFD /* contractsStatus.swift in Sources */ = {isa = PBXBuildFile; fileRef = 89BCC28F218E7ABA0078FFFD /* contractsStatus.swift */; };
		89BCC294218E997B0078FFFD /* contractsConfirm.swift in Sources */ = {isa = PBXBuildFile; fileRef = 89BCC293218E997B0078FFFD /* contractsConfirm.swift */; };
		89C39ED721DC8E7B002EE304 /* stripeObj.swift in Sources */ = {isa = PBXBuildFile; fileRef = 89C39ED621DC8E7B002EE304 /* stripeObj.swift */; };
		89C39ED921DC8FEF002EE304 /* checkoutControl.swift in Sources */ = {isa = PBXBuildFile; fileRef = 89C39ED821DC8FEF002EE304 /* checkoutControl.swift */; };
		89C39EDB21DC9105002EE304 /* checkoutRowView.swift in Sources */ = {isa = PBXBuildFile; fileRef = 89C39EDA21DC9105002EE304 /* checkoutRowView.swift */; };
		89C39EDD21DC9108002EE304 /* highlightButton.swift in Sources */ = {isa = PBXBuildFile; fileRef = 89C39EDC21DC9108002EE304 /* highlightButton.swift */; };
		89C39EDF21DC915F002EE304 /* settings.swift in Sources */ = {isa = PBXBuildFile; fileRef = 89C39EDE21DC915F002EE304 /* settings.swift */; };
		89C39EE121DC91A7002EE304 /* PaymentContextView.swift in Sources */ = {isa = PBXBuildFile; fileRef = 89C39EE021DC91A7002EE304 /* PaymentContextView.swift */; };
		89C91047218DFDB2004EC778 /* LoginController.swift in Sources */ = {isa = PBXBuildFile; fileRef = 89C91046218DFDB2004EC778 /* LoginController.swift */; };
		89CABB4721D8241600BDC0CC /* icons8-shopping-cart-50.png in Resources */ = {isa = PBXBuildFile; fileRef = 89CABB4621D8241500BDC0CC /* icons8-shopping-cart-50.png */; };
		89CABB4B21D825AB00BDC0CC /* icons8-deliver-food-50.png in Resources */ = {isa = PBXBuildFile; fileRef = 89CABB4A21D825AA00BDC0CC /* icons8-deliver-food-50.png */; };
		89CABB4D21D8403000BDC0CC /* forgotPassword.swift in Sources */ = {isa = PBXBuildFile; fileRef = 89CABB4C21D8403000BDC0CC /* forgotPassword.swift */; };
		89CABB4F21D88B8800BDC0CC /* icons8-sphere-15.png in Resources */ = {isa = PBXBuildFile; fileRef = 89CABB4E21D88B8600BDC0CC /* icons8-sphere-15.png */; };
		89CBA48021A3F1520024766D /* mySideBarParent.swift in Sources */ = {isa = PBXBuildFile; fileRef = 89CBA47F21A3F1520024766D /* mySideBarParent.swift */; };
		DD45F5BC15F21DC37234E286 /* Pods_Cal_Hacks_TBDTests.framework in Frameworks */ = {isa = PBXBuildFile; fileRef = CDD5C3CBE6772849BA0A5A4E /* Pods_Cal_Hacks_TBDTests.framework */; };
/* End PBXBuildFile section */

/* Begin PBXContainerItemProxy section */
		89917CF2218D3CC900861141 /* PBXContainerItemProxy */ = {
			isa = PBXContainerItemProxy;
			containerPortal = 89917CD5218D3CC700861141 /* Project object */;
			proxyType = 1;
			remoteGlobalIDString = 89917CDC218D3CC700861141;
			remoteInfo = "Cal-Hacks-TBD";
		};
		89917CFD218D3CC900861141 /* PBXContainerItemProxy */ = {
			isa = PBXContainerItemProxy;
			containerPortal = 89917CD5218D3CC700861141 /* Project object */;
			proxyType = 1;
			remoteGlobalIDString = 89917CDC218D3CC700861141;
			remoteInfo = "Cal-Hacks-TBD";
		};
/* End PBXContainerItemProxy section */

/* Begin PBXFileReference section */
		101992B751A676490535F095 /* Pods-Cal-Hacks-TBD.release.xcconfig */ = {isa = PBXFileReference; includeInIndex = 1; lastKnownFileType = text.xcconfig; name = "Pods-Cal-Hacks-TBD.release.xcconfig"; path = "Pods/Target Support Files/Pods-Cal-Hacks-TBD/Pods-Cal-Hacks-TBD.release.xcconfig"; sourceTree = "<group>"; };
		11B94983741AF1FAAC2BA962 /* Pods_Cal_Hacks_TBD.framework */ = {isa = PBXFileReference; explicitFileType = wrapper.framework; includeInIndex = 0; path = Pods_Cal_Hacks_TBD.framework; sourceTree = BUILT_PRODUCTS_DIR; };
		2051F5DCDC2C6537CF5EB28A /* Pods-Cal-Hacks-TBDTests.debug.xcconfig */ = {isa = PBXFileReference; includeInIndex = 1; lastKnownFileType = text.xcconfig; name = "Pods-Cal-Hacks-TBDTests.debug.xcconfig"; path = "Pods/Target Support Files/Pods-Cal-Hacks-TBDTests/Pods-Cal-Hacks-TBDTests.debug.xcconfig"; sourceTree = "<group>"; };
		278A200F437F689B9D8673A3 /* Pods-Cal-Hacks-TBDUITests.release.xcconfig */ = {isa = PBXFileReference; includeInIndex = 1; lastKnownFileType = text.xcconfig; name = "Pods-Cal-Hacks-TBDUITests.release.xcconfig"; path = "Pods/Target Support Files/Pods-Cal-Hacks-TBDUITests/Pods-Cal-Hacks-TBDUITests.release.xcconfig"; sourceTree = "<group>"; };
		3CED97FE88849B0AAFBF9525 /* Pods-Cal-Hacks-TBD.debug.xcconfig */ = {isa = PBXFileReference; includeInIndex = 1; lastKnownFileType = text.xcconfig; name = "Pods-Cal-Hacks-TBD.debug.xcconfig"; path = "Pods/Target Support Files/Pods-Cal-Hacks-TBD/Pods-Cal-Hacks-TBD.debug.xcconfig"; sourceTree = "<group>"; };
		54C8615B64C88ED35A152416 /* Pods-Cal-Hacks-TBDUITests.debug.xcconfig */ = {isa = PBXFileReference; includeInIndex = 1; lastKnownFileType = text.xcconfig; name = "Pods-Cal-Hacks-TBDUITests.debug.xcconfig"; path = "Pods/Target Support Files/Pods-Cal-Hacks-TBDUITests/Pods-Cal-Hacks-TBDUITests.debug.xcconfig"; sourceTree = "<group>"; };
		890325E021CF4FC30065183F /* statushub.swift */ = {isa = PBXFileReference; lastKnownFileType = sourcecode.swift; path = statushub.swift; sourceTree = "<group>"; };
		890325E221CF52E30065183F /* progressHub.swift */ = {isa = PBXFileReference; lastKnownFileType = sourcecode.swift; path = progressHub.swift; sourceTree = "<group>"; };
		891F9F6521D6EE5400B906A1 /* icons8-search.undefined */ = {isa = PBXFileReference; lastKnownFileType = file; path = "icons8-search.undefined"; sourceTree = "<group>"; };
		891F9F6721D6F04500B906A1 /* icons8-search-39.png */ = {isa = PBXFileReference; lastKnownFileType = image.png; path = "icons8-search-39.png"; sourceTree = "<group>"; };
		891F9F6921D6F23900B906A1 /* icons8-cash-in-hand-20.png */ = {isa = PBXFileReference; lastKnownFileType = image.png; path = "icons8-cash-in-hand-20.png"; sourceTree = "<group>"; };
		891F9F6F21D6F3D500B906A1 /* icons8-settings-20.png */ = {isa = PBXFileReference; lastKnownFileType = image.png; path = "icons8-settings-20.png"; sourceTree = "<group>"; };
		891F9F7121D6F51300B906A1 /* icons8-privacy-20.png */ = {isa = PBXFileReference; lastKnownFileType = image.png; path = "icons8-privacy-20.png"; sourceTree = "<group>"; };
		891F9F7321D6F66400B906A1 /* icons8-exit-20.png */ = {isa = PBXFileReference; lastKnownFileType = image.png; path = "icons8-exit-20.png"; sourceTree = "<group>"; };
		891F9F7521D6FDEC00B906A1 /* icons8-menu-filled-30.png */ = {isa = PBXFileReference; lastKnownFileType = image.png; path = "icons8-menu-filled-30.png"; sourceTree = "<group>"; };
		891F9F7721D6FE4800B906A1 /* icons8-menu-30.png */ = {isa = PBXFileReference; lastKnownFileType = image.png; path = "icons8-menu-30.png"; sourceTree = "<group>"; };
		891F9F7921D6FEEB00B906A1 /* icons8-contacts-30.png */ = {isa = PBXFileReference; lastKnownFileType = image.png; path = "icons8-contacts-30.png"; sourceTree = "<group>"; };
		891F9F7B21D6FF8C00B906A1 /* icons8-todo-list-30.png */ = {isa = PBXFileReference; lastKnownFileType = image.png; path = "icons8-todo-list-30.png"; sourceTree = "<group>"; };
		891F9F7D21D702ED00B906A1 /* icons8-map-30.png */ = {isa = PBXFileReference; lastKnownFileType = image.png; path = "icons8-map-30.png"; sourceTree = "<group>"; };
		891F9F8321D706F000B906A1 /* icons8-help-20.png */ = {isa = PBXFileReference; lastKnownFileType = image.png; path = "icons8-help-20.png"; sourceTree = "<group>"; };
		89452E4921C8211F004507C1 /* PossibleContracts.swift */ = {isa = PBXFileReference; lastKnownFileType = sourcecode.swift; path = PossibleContracts.swift; sourceTree = "<group>"; };
		8951F29521CAC7C000ADC9A6 /* NavigationSearch.swift */ = {isa = PBXFileReference; lastKnownFileType = sourcecode.swift; path = NavigationSearch.swift; sourceTree = "<group>"; };
		8951F29721CAD35100ADC9A6 /* 16487850_1239128962845366_7463767683814845351_o.jpg */ = {isa = PBXFileReference; lastKnownFileType = image.jpeg; path = 16487850_1239128962845366_7463767683814845351_o.jpg; sourceTree = "<group>"; };
		89756DA4219E3F57009002F5 /* animated_cart.gif */ = {isa = PBXFileReference; lastKnownFileType = image.gif; path = animated_cart.gif; sourceTree = "<group>"; };
		89756DA6219E3F9F009002F5 /* shoppingcart.png */ = {isa = PBXFileReference; lastKnownFileType = image.png; path = shoppingcart.png; sourceTree = "<group>"; };
		89756DA8219E8382009002F5 /* SideMenuTableViewController.swift */ = {isa = PBXFileReference; lastKnownFileType = sourcecode.swift; path = SideMenuTableViewController.swift; sourceTree = "<group>"; };
		89756DAA219E8D67009002F5 /* MainViewController.swift */ = {isa = PBXFileReference; lastKnownFileType = sourcecode.swift; path = MainViewController.swift; sourceTree = "<group>"; };
		89917CDD218D3CC700861141 /* Cal-Hacks-TBD.app */ = {isa = PBXFileReference; explicitFileType = wrapper.application; includeInIndex = 0; path = "Cal-Hacks-TBD.app"; sourceTree = BUILT_PRODUCTS_DIR; };
		89917CE0218D3CC700861141 /* AppDelegate.swift */ = {isa = PBXFileReference; lastKnownFileType = sourcecode.swift; path = AppDelegate.swift; sourceTree = "<group>"; };
		89917CE2218D3CC700861141 /* ViewController.swift */ = {isa = PBXFileReference; lastKnownFileType = sourcecode.swift; path = ViewController.swift; sourceTree = "<group>"; };
		89917CE5218D3CC700861141 /* Base */ = {isa = PBXFileReference; lastKnownFileType = file.storyboard; name = Base; path = Base.lproj/Main.storyboard; sourceTree = "<group>"; };
		89917CE7218D3CC900861141 /* Assets.xcassets */ = {isa = PBXFileReference; lastKnownFileType = folder.assetcatalog; path = Assets.xcassets; sourceTree = "<group>"; };
		89917CEA218D3CC900861141 /* Base */ = {isa = PBXFileReference; lastKnownFileType = file.storyboard; name = Base; path = Base.lproj/LaunchScreen.storyboard; sourceTree = "<group>"; };
		89917CEC218D3CC900861141 /* Info.plist */ = {isa = PBXFileReference; lastKnownFileType = text.plist.xml; path = Info.plist; sourceTree = "<group>"; };
		89917CF1218D3CC900861141 /* Cal-Hacks-TBDTests.xctest */ = {isa = PBXFileReference; explicitFileType = wrapper.cfbundle; includeInIndex = 0; path = "Cal-Hacks-TBDTests.xctest"; sourceTree = BUILT_PRODUCTS_DIR; };
		89917CF5218D3CC900861141 /* Cal_Hacks_TBDTests.swift */ = {isa = PBXFileReference; lastKnownFileType = sourcecode.swift; path = Cal_Hacks_TBDTests.swift; sourceTree = "<group>"; };
		89917CF7218D3CC900861141 /* Info.plist */ = {isa = PBXFileReference; lastKnownFileType = text.plist.xml; path = Info.plist; sourceTree = "<group>"; };
		89917CFC218D3CC900861141 /* Cal-Hacks-TBDUITests.xctest */ = {isa = PBXFileReference; explicitFileType = wrapper.cfbundle; includeInIndex = 0; path = "Cal-Hacks-TBDUITests.xctest"; sourceTree = BUILT_PRODUCTS_DIR; };
		89917D00218D3CC900861141 /* Cal_Hacks_TBDUITests.swift */ = {isa = PBXFileReference; lastKnownFileType = sourcecode.swift; path = Cal_Hacks_TBDUITests.swift; sourceTree = "<group>"; };
		89917D02218D3CC900861141 /* Info.plist */ = {isa = PBXFileReference; lastKnownFileType = text.plist.xml; path = Info.plist; sourceTree = "<group>"; };
		89917D0E218D3F6000861141 /* MapViewController.swift */ = {isa = PBXFileReference; fileEncoding = 4; lastKnownFileType = sourcecode.swift; path = MapViewController.swift; sourceTree = "<group>"; };
		899305DB21DA00C9000CA9D9 /* icons8-go-back-30.png */ = {isa = PBXFileReference; lastKnownFileType = image.png; path = "icons8-go-back-30.png"; sourceTree = "<group>"; };
		899305DD21DA00F5000CA9D9 /* icons8-undo-30.png */ = {isa = PBXFileReference; lastKnownFileType = image.png; path = "icons8-undo-30.png"; sourceTree = "<group>"; };
		89ADD1F8218F20AF00598202 /* 45294695_497045064132053_268298893219856384_n.png */ = {isa = PBXFileReference; lastKnownFileType = image.png; path = 45294695_497045064132053_268298893219856384_n.png; sourceTree = "<group>"; };
		89ADD1FA218F212D00598202 /* logo transparent background.png */ = {isa = PBXFileReference; lastKnownFileType = image.png; path = "logo transparent background.png"; sourceTree = "<group>"; };
		89BCC285218E2ADD0078FFFD /* SignUp.swift */ = {isa = PBXFileReference; fileEncoding = 4; lastKnownFileType = sourcecode.swift; path = SignUp.swift; sourceTree = "<group>"; };
		89BCC28F218E7ABA0078FFFD /* contractsStatus.swift */ = {isa = PBXFileReference; lastKnownFileType = sourcecode.swift; path = contractsStatus.swift; sourceTree = "<group>"; };
		89BCC293218E997B0078FFFD /* contractsConfirm.swift */ = {isa = PBXFileReference; fileEncoding = 4; lastKnownFileType = sourcecode.swift; path = contractsConfirm.swift; sourceTree = "<group>"; };
		89C39ED621DC8E7B002EE304 /* stripeObj.swift */ = {isa = PBXFileReference; lastKnownFileType = sourcecode.swift; path = stripeObj.swift; sourceTree = "<group>"; };
		89C39ED821DC8FEF002EE304 /* checkoutControl.swift */ = {isa = PBXFileReference; lastKnownFileType = sourcecode.swift; path = checkoutControl.swift; sourceTree = "<group>"; };
		89C39EDA21DC9105002EE304 /* checkoutRowView.swift */ = {isa = PBXFileReference; lastKnownFileType = sourcecode.swift; name = checkoutRowView.swift; path = "/Users/Colhodm/Desktop/Cal-Hacks-5.0/Cal-Hacks-TBD/Cal-Hacks-TBD/checkoutRowView.swift"; sourceTree = "<absolute>"; };
		89C39EDC21DC9108002EE304 /* highlightButton.swift */ = {isa = PBXFileReference; lastKnownFileType = sourcecode.swift; name = highlightButton.swift; path = "/Users/Colhodm/Desktop/Cal-Hacks-5.0/Cal-Hacks-TBD/Cal-Hacks-TBD/highlightButton.swift"; sourceTree = "<absolute>"; };
		89C39EDE21DC915F002EE304 /* settings.swift */ = {isa = PBXFileReference; lastKnownFileType = sourcecode.swift; path = settings.swift; sourceTree = "<group>"; };
		89C39EE021DC91A7002EE304 /* PaymentContextView.swift */ = {isa = PBXFileReference; lastKnownFileType = sourcecode.swift; path = PaymentContextView.swift; sourceTree = "<group>"; };
		89C91046218DFDB2004EC778 /* LoginController.swift */ = {isa = PBXFileReference; fileEncoding = 4; lastKnownFileType = sourcecode.swift; path = LoginController.swift; sourceTree = "<group>"; };
		89CABB4621D8241500BDC0CC /* icons8-shopping-cart-50.png */ = {isa = PBXFileReference; lastKnownFileType = image.png; path = "icons8-shopping-cart-50.png"; sourceTree = "<group>"; };
		89CABB4A21D825AA00BDC0CC /* icons8-deliver-food-50.png */ = {isa = PBXFileReference; lastKnownFileType = image.png; path = "icons8-deliver-food-50.png"; sourceTree = "<group>"; };
		89CABB4C21D8403000BDC0CC /* forgotPassword.swift */ = {isa = PBXFileReference; lastKnownFileType = sourcecode.swift; path = forgotPassword.swift; sourceTree = "<group>"; };
		89CABB4E21D88B8600BDC0CC /* icons8-sphere-15.png */ = {isa = PBXFileReference; lastKnownFileType = image.png; path = "icons8-sphere-15.png"; sourceTree = "<group>"; };
		89CBA47F21A3F1520024766D /* mySideBarParent.swift */ = {isa = PBXFileReference; lastKnownFileType = sourcecode.swift; path = mySideBarParent.swift; sourceTree = "<group>"; };
		ACDD54506DCE2F3A449E8421 /* Pods_Cal_Hacks_TBDUITests.framework */ = {isa = PBXFileReference; explicitFileType = wrapper.framework; includeInIndex = 0; path = Pods_Cal_Hacks_TBDUITests.framework; sourceTree = BUILT_PRODUCTS_DIR; };
		CDD5C3CBE6772849BA0A5A4E /* Pods_Cal_Hacks_TBDTests.framework */ = {isa = PBXFileReference; explicitFileType = wrapper.framework; includeInIndex = 0; path = Pods_Cal_Hacks_TBDTests.framework; sourceTree = BUILT_PRODUCTS_DIR; };
		FF07E1E37DA08C86FFD9E586 /* Pods-Cal-Hacks-TBDTests.release.xcconfig */ = {isa = PBXFileReference; includeInIndex = 1; lastKnownFileType = text.xcconfig; name = "Pods-Cal-Hacks-TBDTests.release.xcconfig"; path = "Pods/Target Support Files/Pods-Cal-Hacks-TBDTests/Pods-Cal-Hacks-TBDTests.release.xcconfig"; sourceTree = "<group>"; };
/* End PBXFileReference section */

/* Begin PBXFrameworksBuildPhase section */
		89917CDA218D3CC700861141 /* Frameworks */ = {
			isa = PBXFrameworksBuildPhase;
			buildActionMask = 2147483647;
			files = (
				2505241A88BF9E37BCF7FEA6 /* Pods_Cal_Hacks_TBD.framework in Frameworks */,
			);
			runOnlyForDeploymentPostprocessing = 0;
		};
		89917CEE218D3CC900861141 /* Frameworks */ = {
			isa = PBXFrameworksBuildPhase;
			buildActionMask = 2147483647;
			files = (
				DD45F5BC15F21DC37234E286 /* Pods_Cal_Hacks_TBDTests.framework in Frameworks */,
			);
			runOnlyForDeploymentPostprocessing = 0;
		};
		89917CF9218D3CC900861141 /* Frameworks */ = {
			isa = PBXFrameworksBuildPhase;
			buildActionMask = 2147483647;
			files = (
				18A8B42E468E357A1C021F11 /* Pods_Cal_Hacks_TBDUITests.framework in Frameworks */,
			);
			runOnlyForDeploymentPostprocessing = 0;
		};
/* End PBXFrameworksBuildPhase section */

/* Begin PBXGroup section */
		26691896048F6F883E8EBE0A /* Frameworks */ = {
			isa = PBXGroup;
			children = (
				11B94983741AF1FAAC2BA962 /* Pods_Cal_Hacks_TBD.framework */,
				CDD5C3CBE6772849BA0A5A4E /* Pods_Cal_Hacks_TBDTests.framework */,
				ACDD54506DCE2F3A449E8421 /* Pods_Cal_Hacks_TBDUITests.framework */,
			);
			name = Frameworks;
			sourceTree = "<group>";
		};
		89917CD4218D3CC700861141 = {
			isa = PBXGroup;
			children = (
				89917CDF218D3CC700861141 /* Cal-Hacks-TBD */,
				89917CF4218D3CC900861141 /* Cal-Hacks-TBDTests */,
				89917CFF218D3CC900861141 /* Cal-Hacks-TBDUITests */,
				89917CDE218D3CC700861141 /* Products */,
				D8581A19ED2B9FE0798C9326 /* Pods */,
				26691896048F6F883E8EBE0A /* Frameworks */,
			);
			sourceTree = "<group>";
		};
		89917CDE218D3CC700861141 /* Products */ = {
			isa = PBXGroup;
			children = (
				89917CDD218D3CC700861141 /* Cal-Hacks-TBD.app */,
				89917CF1218D3CC900861141 /* Cal-Hacks-TBDTests.xctest */,
				89917CFC218D3CC900861141 /* Cal-Hacks-TBDUITests.xctest */,
			);
			name = Products;
			sourceTree = "<group>";
		};
		89917CDF218D3CC700861141 /* Cal-Hacks-TBD */ = {
			isa = PBXGroup;
			children = (
				89BCC28F218E7ABA0078FFFD /* contractsStatus.swift */,
				89917D0E218D3F6000861141 /* MapViewController.swift */,
				89756DAA219E8D67009002F5 /* MainViewController.swift */,
				89CBA47F21A3F1520024766D /* mySideBarParent.swift */,
				89756DA8219E8382009002F5 /* SideMenuTableViewController.swift */,
				89917CE2218D3CC700861141 /* ViewController.swift */,
				891F9F6521D6EE5400B906A1 /* icons8-search.undefined */,
				89ADD1FA218F212D00598202 /* logo transparent background.png */,
				89ADD1F8218F20AF00598202 /* 45294695_497045064132053_268298893219856384_n.png */,
				8951F29721CAD35100ADC9A6 /* 16487850_1239128962845366_7463767683814845351_o.jpg */,
				89BCC285218E2ADD0078FFFD /* SignUp.swift */,
				89917CE4218D3CC700861141 /* Main.storyboard */,
				89CABB4C21D8403000BDC0CC /* forgotPassword.swift */,
				890325E221CF52E30065183F /* progressHub.swift */,
				890325E021CF4FC30065183F /* statushub.swift */,
				8951F29521CAC7C000ADC9A6 /* NavigationSearch.swift */,
				89BCC293218E997B0078FFFD /* contractsConfirm.swift */,
				89452E4921C8211F004507C1 /* PossibleContracts.swift */,
				89756DA6219E3F9F009002F5 /* shoppingcart.png */,
				89756DA4219E3F57009002F5 /* animated_cart.gif */,
				89C91046218DFDB2004EC778 /* LoginController.swift */,
				89917CE0218D3CC700861141 /* AppDelegate.swift */,
				89C39EDA21DC9105002EE304 /* checkoutRowView.swift */,
				89C39EDC21DC9108002EE304 /* highlightButton.swift */,
				89C39ED621DC8E7B002EE304 /* stripeObj.swift */,
				89C39ED821DC8FEF002EE304 /* checkoutControl.swift */,
				89C39EDE21DC915F002EE304 /* settings.swift */,
				89C39EE021DC91A7002EE304 /* PaymentContextView.swift */,
				89917CE7218D3CC900861141 /* Assets.xcassets */,
				89917CE9218D3CC900861141 /* LaunchScreen.storyboard */,
				899305DD21DA00F5000CA9D9 /* icons8-undo-30.png */,
				899305DB21DA00C9000CA9D9 /* icons8-go-back-30.png */,
				89CABB4E21D88B8600BDC0CC /* icons8-sphere-15.png */,
				89CABB4621D8241500BDC0CC /* icons8-shopping-cart-50.png */,
				89CABB4A21D825AA00BDC0CC /* icons8-deliver-food-50.png */,
				891F9F7D21D702ED00B906A1 /* icons8-map-30.png */,
				891F9F7B21D6FF8C00B906A1 /* icons8-todo-list-30.png */,
				891F9F7921D6FEEB00B906A1 /* icons8-contacts-30.png */,
				891F9F7721D6FE4800B906A1 /* icons8-menu-30.png */,
				891F9F7521D6FDEC00B906A1 /* icons8-menu-filled-30.png */,
				891F9F7321D6F66400B906A1 /* icons8-exit-20.png */,
				891F9F7121D6F51300B906A1 /* icons8-privacy-20.png */,
				891F9F6F21D6F3D500B906A1 /* icons8-settings-20.png */,
				891F9F8321D706F000B906A1 /* icons8-help-20.png */,
				891F9F6921D6F23900B906A1 /* icons8-cash-in-hand-20.png */,
				891F9F6721D6F04500B906A1 /* icons8-search-39.png */,
				89917CEC218D3CC900861141 /* Info.plist */,
			);
			path = "Cal-Hacks-TBD";
			sourceTree = "<group>";
		};
		89917CF4218D3CC900861141 /* Cal-Hacks-TBDTests */ = {
			isa = PBXGroup;
			children = (
				89917CF5218D3CC900861141 /* Cal_Hacks_TBDTests.swift */,
				89917CF7218D3CC900861141 /* Info.plist */,
			);
			path = "Cal-Hacks-TBDTests";
			sourceTree = "<group>";
		};
		89917CFF218D3CC900861141 /* Cal-Hacks-TBDUITests */ = {
			isa = PBXGroup;
			children = (
				89917D00218D3CC900861141 /* Cal_Hacks_TBDUITests.swift */,
				89917D02218D3CC900861141 /* Info.plist */,
			);
			path = "Cal-Hacks-TBDUITests";
			sourceTree = "<group>";
		};
		D8581A19ED2B9FE0798C9326 /* Pods */ = {
			isa = PBXGroup;
			children = (
				3CED97FE88849B0AAFBF9525 /* Pods-Cal-Hacks-TBD.debug.xcconfig */,
				101992B751A676490535F095 /* Pods-Cal-Hacks-TBD.release.xcconfig */,
				2051F5DCDC2C6537CF5EB28A /* Pods-Cal-Hacks-TBDTests.debug.xcconfig */,
				FF07E1E37DA08C86FFD9E586 /* Pods-Cal-Hacks-TBDTests.release.xcconfig */,
				54C8615B64C88ED35A152416 /* Pods-Cal-Hacks-TBDUITests.debug.xcconfig */,
				278A200F437F689B9D8673A3 /* Pods-Cal-Hacks-TBDUITests.release.xcconfig */,
			);
			name = Pods;
			sourceTree = "<group>";
		};
/* End PBXGroup section */

/* Begin PBXNativeTarget section */
		89917CDC218D3CC700861141 /* Cal-Hacks-TBD */ = {
			isa = PBXNativeTarget;
			buildConfigurationList = 89917D05218D3CC900861141 /* Build configuration list for PBXNativeTarget "Cal-Hacks-TBD" */;
			buildPhases = (
				F6D98642D73E0294CD8ABC2D /* [CP] Check Pods Manifest.lock */,
				89917CD9218D3CC700861141 /* Sources */,
				89917CDA218D3CC700861141 /* Frameworks */,
				89917CDB218D3CC700861141 /* Resources */,
				427B33872E2C8379B5601F62 /* [CP] Copy Pods Resources */,
				584827A6BEC1F45198C0F1BA /* [CP] Embed Pods Frameworks */,
			);
			buildRules = (
			);
			dependencies = (
			);
			name = "Cal-Hacks-TBD";
			productName = "Cal-Hacks-TBD";
			productReference = 89917CDD218D3CC700861141 /* Cal-Hacks-TBD.app */;
			productType = "com.apple.product-type.application";
		};
		89917CF0218D3CC900861141 /* Cal-Hacks-TBDTests */ = {
			isa = PBXNativeTarget;
			buildConfigurationList = 89917D08218D3CC900861141 /* Build configuration list for PBXNativeTarget "Cal-Hacks-TBDTests" */;
			buildPhases = (
				11A5F248D9D3F5F73B38A02D /* [CP] Check Pods Manifest.lock */,
				89917CED218D3CC900861141 /* Sources */,
				89917CEE218D3CC900861141 /* Frameworks */,
				89917CEF218D3CC900861141 /* Resources */,
			);
			buildRules = (
			);
			dependencies = (
				89917CF3218D3CC900861141 /* PBXTargetDependency */,
			);
			name = "Cal-Hacks-TBDTests";
			productName = "Cal-Hacks-TBDTests";
			productReference = 89917CF1218D3CC900861141 /* Cal-Hacks-TBDTests.xctest */;
			productType = "com.apple.product-type.bundle.unit-test";
		};
		89917CFB218D3CC900861141 /* Cal-Hacks-TBDUITests */ = {
			isa = PBXNativeTarget;
			buildConfigurationList = 89917D0B218D3CC900861141 /* Build configuration list for PBXNativeTarget "Cal-Hacks-TBDUITests" */;
			buildPhases = (
				B79D22F2D29D1C6A89DDE3D3 /* [CP] Check Pods Manifest.lock */,
				89917CF8218D3CC900861141 /* Sources */,
				89917CF9218D3CC900861141 /* Frameworks */,
				89917CFA218D3CC900861141 /* Resources */,
			);
			buildRules = (
			);
			dependencies = (
				89917CFE218D3CC900861141 /* PBXTargetDependency */,
			);
			name = "Cal-Hacks-TBDUITests";
			productName = "Cal-Hacks-TBDUITests";
			productReference = 89917CFC218D3CC900861141 /* Cal-Hacks-TBDUITests.xctest */;
			productType = "com.apple.product-type.bundle.ui-testing";
		};
/* End PBXNativeTarget section */

/* Begin PBXProject section */
		89917CD5218D3CC700861141 /* Project object */ = {
			isa = PBXProject;
			attributes = {
				LastSwiftUpdateCheck = 0940;
				LastUpgradeCheck = 0940;
				ORGANIZATIONNAME = "Cal-Hacks-5.0";
				TargetAttributes = {
					89917CDC218D3CC700861141 = {
						CreatedOnToolsVersion = 9.4.1;
					};
					89917CF0218D3CC900861141 = {
						CreatedOnToolsVersion = 9.4.1;
						TestTargetID = 89917CDC218D3CC700861141;
					};
					89917CFB218D3CC900861141 = {
						CreatedOnToolsVersion = 9.4.1;
						TestTargetID = 89917CDC218D3CC700861141;
					};
				};
			};
			buildConfigurationList = 89917CD8218D3CC700861141 /* Build configuration list for PBXProject "Cal-Hacks-TBD" */;
			compatibilityVersion = "Xcode 9.3";
			developmentRegion = en;
			hasScannedForEncodings = 0;
			knownRegions = (
				en,
				Base,
			);
			mainGroup = 89917CD4218D3CC700861141;
			productRefGroup = 89917CDE218D3CC700861141 /* Products */;
			projectDirPath = "";
			projectRoot = "";
			targets = (
				89917CDC218D3CC700861141 /* Cal-Hacks-TBD */,
				89917CF0218D3CC900861141 /* Cal-Hacks-TBDTests */,
				89917CFB218D3CC900861141 /* Cal-Hacks-TBDUITests */,
			);
		};
/* End PBXProject section */

/* Begin PBXResourcesBuildPhase section */
		89917CDB218D3CC700861141 /* Resources */ = {
			isa = PBXResourcesBuildPhase;
			buildActionMask = 2147483647;
			files = (
				891F9F7221D6F51300B906A1 /* icons8-privacy-20.png in Resources */,
				891F9F6A21D6F23A00B906A1 /* icons8-cash-in-hand-20.png in Resources */,
				8951F29821CAD35100ADC9A6 /* 16487850_1239128962845366_7463767683814845351_o.jpg in Resources */,
				891F9F7821D6FE4900B906A1 /* icons8-menu-30.png in Resources */,
				891F9F7C21D6FF8D00B906A1 /* icons8-todo-list-30.png in Resources */,
				899305DC21DA00CA000CA9D9 /* icons8-go-back-30.png in Resources */,
				89917CEB218D3CC900861141 /* LaunchScreen.storyboard in Resources */,
				899305DE21DA00F6000CA9D9 /* icons8-undo-30.png in Resources */,
				89756DA5219E3F58009002F5 /* animated_cart.gif in Resources */,
				891F9F7A21D6FEEB00B906A1 /* icons8-contacts-30.png in Resources */,
				891F9F6621D6EE5400B906A1 /* icons8-search.undefined in Resources */,
				89ADD1F9218F20B000598202 /* 45294695_497045064132053_268298893219856384_n.png in Resources */,
				89ADD1FB218F212D00598202 /* logo transparent background.png in Resources */,
				89917CE8218D3CC900861141 /* Assets.xcassets in Resources */,
				89CABB4721D8241600BDC0CC /* icons8-shopping-cart-50.png in Resources */,
				89917CE6218D3CC700861141 /* Main.storyboard in Resources */,
				89756DA7219E3FA0009002F5 /* shoppingcart.png in Resources */,
				891F9F7021D6F3D500B906A1 /* icons8-settings-20.png in Resources */,
				891F9F6821D6F04500B906A1 /* icons8-search-39.png in Resources */,
				89CABB4F21D88B8800BDC0CC /* icons8-sphere-15.png in Resources */,
				891F9F7421D6F66500B906A1 /* icons8-exit-20.png in Resources */,
				891F9F8421D706F100B906A1 /* icons8-help-20.png in Resources */,
				891F9F7621D6FDED00B906A1 /* icons8-menu-filled-30.png in Resources */,
				89CABB4B21D825AB00BDC0CC /* icons8-deliver-food-50.png in Resources */,
				891F9F7E21D702EE00B906A1 /* icons8-map-30.png in Resources */,
			);
			runOnlyForDeploymentPostprocessing = 0;
		};
		89917CEF218D3CC900861141 /* Resources */ = {
			isa = PBXResourcesBuildPhase;
			buildActionMask = 2147483647;
			files = (
			);
			runOnlyForDeploymentPostprocessing = 0;
		};
		89917CFA218D3CC900861141 /* Resources */ = {
			isa = PBXResourcesBuildPhase;
			buildActionMask = 2147483647;
			files = (
			);
			runOnlyForDeploymentPostprocessing = 0;
		};
/* End PBXResourcesBuildPhase section */

/* Begin PBXShellScriptBuildPhase section */
		11A5F248D9D3F5F73B38A02D /* [CP] Check Pods Manifest.lock */ = {
			isa = PBXShellScriptBuildPhase;
			buildActionMask = 2147483647;
			files = (
			);
			inputPaths = (
				"${PODS_PODFILE_DIR_PATH}/Podfile.lock",
				"${PODS_ROOT}/Manifest.lock",
			);
			name = "[CP] Check Pods Manifest.lock";
			outputPaths = (
				"$(DERIVED_FILE_DIR)/Pods-Cal-Hacks-TBDTests-checkManifestLockResult.txt",
			);
			runOnlyForDeploymentPostprocessing = 0;
			shellPath = /bin/sh;
			shellScript = "diff \"${PODS_PODFILE_DIR_PATH}/Podfile.lock\" \"${PODS_ROOT}/Manifest.lock\" > /dev/null\nif [ $? != 0 ] ; then\n    # print error to STDERR\n    echo \"error: The sandbox is not in sync with the Podfile.lock. Run 'pod install' or update your CocoaPods installation.\" >&2\n    exit 1\nfi\n# This output is used by Xcode 'outputs' to avoid re-running this script phase.\necho \"SUCCESS\" > \"${SCRIPT_OUTPUT_FILE_0}\"\n";
			showEnvVarsInLog = 0;
		};
		427B33872E2C8379B5601F62 /* [CP] Copy Pods Resources */ = {
			isa = PBXShellScriptBuildPhase;
			buildActionMask = 2147483647;
			files = (
			);
			inputPaths = (
				"${SRCROOT}/Pods/Target Support Files/Pods-Cal-Hacks-TBD/Pods-Cal-Hacks-TBD-resources.sh",
				"${PODS_ROOT}/GoogleMaps/Maps/Frameworks/GoogleMaps.framework/Resources/GoogleMaps.bundle",
				"${PODS_ROOT}/GooglePlacePicker/Frameworks/GooglePlacePicker.framework/Resources/GooglePlacePicker.bundle",
				"${PODS_ROOT}/GooglePlaces/Frameworks/GooglePlaces.framework/Resources/GooglePlaces.bundle",
			);
			name = "[CP] Copy Pods Resources";
			outputPaths = (
				"${TARGET_BUILD_DIR}/${UNLOCALIZED_RESOURCES_FOLDER_PATH}/GoogleMaps.bundle",
				"${TARGET_BUILD_DIR}/${UNLOCALIZED_RESOURCES_FOLDER_PATH}/GooglePlacePicker.bundle",
				"${TARGET_BUILD_DIR}/${UNLOCALIZED_RESOURCES_FOLDER_PATH}/GooglePlaces.bundle",
			);
			runOnlyForDeploymentPostprocessing = 0;
			shellPath = /bin/sh;
			shellScript = "\"${SRCROOT}/Pods/Target Support Files/Pods-Cal-Hacks-TBD/Pods-Cal-Hacks-TBD-resources.sh\"\n";
			showEnvVarsInLog = 0;
		};
		584827A6BEC1F45198C0F1BA /* [CP] Embed Pods Frameworks */ = {
			isa = PBXShellScriptBuildPhase;
			buildActionMask = 2147483647;
			files = (
			);
			inputPaths = (
				"${SRCROOT}/Pods/Target Support Files/Pods-Cal-Hacks-TBD/Pods-Cal-Hacks-TBD-frameworks.sh",
				"${BUILT_PRODUCTS_DIR}/Alamofire/Alamofire.framework",
				"${BUILT_PRODUCTS_DIR}/Stripe/Stripe.framework",
			);
			name = "[CP] Embed Pods Frameworks";
			outputPaths = (
				"${TARGET_BUILD_DIR}/${FRAMEWORKS_FOLDER_PATH}/Alamofire.framework",
				"${TARGET_BUILD_DIR}/${FRAMEWORKS_FOLDER_PATH}/Stripe.framework",
			);
			runOnlyForDeploymentPostprocessing = 0;
			shellPath = /bin/sh;
			shellScript = "\"${SRCROOT}/Pods/Target Support Files/Pods-Cal-Hacks-TBD/Pods-Cal-Hacks-TBD-frameworks.sh\"\n";
			showEnvVarsInLog = 0;
		};
		B79D22F2D29D1C6A89DDE3D3 /* [CP] Check Pods Manifest.lock */ = {
			isa = PBXShellScriptBuildPhase;
			buildActionMask = 2147483647;
			files = (
			);
			inputPaths = (
				"${PODS_PODFILE_DIR_PATH}/Podfile.lock",
				"${PODS_ROOT}/Manifest.lock",
			);
			name = "[CP] Check Pods Manifest.lock";
			outputPaths = (
				"$(DERIVED_FILE_DIR)/Pods-Cal-Hacks-TBDUITests-checkManifestLockResult.txt",
			);
			runOnlyForDeploymentPostprocessing = 0;
			shellPath = /bin/sh;
			shellScript = "diff \"${PODS_PODFILE_DIR_PATH}/Podfile.lock\" \"${PODS_ROOT}/Manifest.lock\" > /dev/null\nif [ $? != 0 ] ; then\n    # print error to STDERR\n    echo \"error: The sandbox is not in sync with the Podfile.lock. Run 'pod install' or update your CocoaPods installation.\" >&2\n    exit 1\nfi\n# This output is used by Xcode 'outputs' to avoid re-running this script phase.\necho \"SUCCESS\" > \"${SCRIPT_OUTPUT_FILE_0}\"\n";
			showEnvVarsInLog = 0;
		};
		F6D98642D73E0294CD8ABC2D /* [CP] Check Pods Manifest.lock */ = {
			isa = PBXShellScriptBuildPhase;
			buildActionMask = 2147483647;
			files = (
			);
			inputPaths = (
				"${PODS_PODFILE_DIR_PATH}/Podfile.lock",
				"${PODS_ROOT}/Manifest.lock",
			);
			name = "[CP] Check Pods Manifest.lock";
			outputPaths = (
				"$(DERIVED_FILE_DIR)/Pods-Cal-Hacks-TBD-checkManifestLockResult.txt",
			);
			runOnlyForDeploymentPostprocessing = 0;
			shellPath = /bin/sh;
			shellScript = "diff \"${PODS_PODFILE_DIR_PATH}/Podfile.lock\" \"${PODS_ROOT}/Manifest.lock\" > /dev/null\nif [ $? != 0 ] ; then\n    # print error to STDERR\n    echo \"error: The sandbox is not in sync with the Podfile.lock. Run 'pod install' or update your CocoaPods installation.\" >&2\n    exit 1\nfi\n# This output is used by Xcode 'outputs' to avoid re-running this script phase.\necho \"SUCCESS\" > \"${SCRIPT_OUTPUT_FILE_0}\"\n";
			showEnvVarsInLog = 0;
		};
/* End PBXShellScriptBuildPhase section */

/* Begin PBXSourcesBuildPhase section */
		89917CD9218D3CC700861141 /* Sources */ = {
			isa = PBXSourcesBuildPhase;
			buildActionMask = 2147483647;
			files = (
				89C39EE121DC91A7002EE304 /* PaymentContextView.swift in Sources */,
				89C39ED721DC8E7B002EE304 /* stripeObj.swift in Sources */,
				89C39EDB21DC9105002EE304 /* checkoutRowView.swift in Sources */,
				89BCC294218E997B0078FFFD /* contractsConfirm.swift in Sources */,
				89917CE3218D3CC700861141 /* ViewController.swift in Sources */,
				89BCC286218E2ADD0078FFFD /* SignUp.swift in Sources */,
				89CABB4D21D8403000BDC0CC /* forgotPassword.swift in Sources */,
				89917D0F218D3F6000861141 /* MapViewController.swift in Sources */,
				89452E4A21C82120004507C1 /* PossibleContracts.swift in Sources */,
				890325E121CF4FC30065183F /* statushub.swift in Sources */,
				89CBA48021A3F1520024766D /* mySideBarParent.swift in Sources */,
				89756DA9219E8382009002F5 /* SideMenuTableViewController.swift in Sources */,
				89BCC290218E7ABA0078FFFD /* contractsStatus.swift in Sources */,
				8951F29621CAC7C000ADC9A6 /* NavigationSearch.swift in Sources */,
				890325E321CF52E30065183F /* progressHub.swift in Sources */,
				89C39EDF21DC915F002EE304 /* settings.swift in Sources */,
				89917CE1218D3CC700861141 /* AppDelegate.swift in Sources */,
				89C39ED921DC8FEF002EE304 /* checkoutControl.swift in Sources */,
				89C91047218DFDB2004EC778 /* LoginController.swift in Sources */,
				89756DAB219E8D67009002F5 /* MainViewController.swift in Sources */,
				89C39EDD21DC9108002EE304 /* highlightButton.swift in Sources */,
			);
			runOnlyForDeploymentPostprocessing = 0;
		};
		89917CED218D3CC900861141 /* Sources */ = {
			isa = PBXSourcesBuildPhase;
			buildActionMask = 2147483647;
			files = (
				89917CF6218D3CC900861141 /* Cal_Hacks_TBDTests.swift in Sources */,
			);
			runOnlyForDeploymentPostprocessing = 0;
		};
		89917CF8218D3CC900861141 /* Sources */ = {
			isa = PBXSourcesBuildPhase;
			buildActionMask = 2147483647;
			files = (
				89917D01218D3CC900861141 /* Cal_Hacks_TBDUITests.swift in Sources */,
			);
			runOnlyForDeploymentPostprocessing = 0;
		};
/* End PBXSourcesBuildPhase section */

/* Begin PBXTargetDependency section */
		89917CF3218D3CC900861141 /* PBXTargetDependency */ = {
			isa = PBXTargetDependency;
			target = 89917CDC218D3CC700861141 /* Cal-Hacks-TBD */;
			targetProxy = 89917CF2218D3CC900861141 /* PBXContainerItemProxy */;
		};
		89917CFE218D3CC900861141 /* PBXTargetDependency */ = {
			isa = PBXTargetDependency;
			target = 89917CDC218D3CC700861141 /* Cal-Hacks-TBD */;
			targetProxy = 89917CFD218D3CC900861141 /* PBXContainerItemProxy */;
		};
/* End PBXTargetDependency section */

/* Begin PBXVariantGroup section */
		89917CE4218D3CC700861141 /* Main.storyboard */ = {
			isa = PBXVariantGroup;
			children = (
				89917CE5218D3CC700861141 /* Base */,
			);
			name = Main.storyboard;
			sourceTree = "<group>";
		};
		89917CE9218D3CC900861141 /* LaunchScreen.storyboard */ = {
			isa = PBXVariantGroup;
			children = (
				89917CEA218D3CC900861141 /* Base */,
			);
			name = LaunchScreen.storyboard;
			sourceTree = "<group>";
		};
/* End PBXVariantGroup section */

/* Begin XCBuildConfiguration section */
		89917D03218D3CC900861141 /* Debug */ = {
			isa = XCBuildConfiguration;
			buildSettings = {
				ALWAYS_SEARCH_USER_PATHS = NO;
				CLANG_ANALYZER_NONNULL = YES;
				CLANG_ANALYZER_NUMBER_OBJECT_CONVERSION = YES_AGGRESSIVE;
				CLANG_CXX_LANGUAGE_STANDARD = "gnu++14";
				CLANG_CXX_LIBRARY = "libc++";
				CLANG_ENABLE_MODULES = YES;
				CLANG_ENABLE_OBJC_ARC = YES;
				CLANG_ENABLE_OBJC_WEAK = YES;
				CLANG_WARN_BLOCK_CAPTURE_AUTORELEASING = YES;
				CLANG_WARN_BOOL_CONVERSION = YES;
				CLANG_WARN_COMMA = YES;
				CLANG_WARN_CONSTANT_CONVERSION = YES;
				CLANG_WARN_DEPRECATED_OBJC_IMPLEMENTATIONS = YES;
				CLANG_WARN_DIRECT_OBJC_ISA_USAGE = YES_ERROR;
				CLANG_WARN_DOCUMENTATION_COMMENTS = YES;
				CLANG_WARN_EMPTY_BODY = YES;
				CLANG_WARN_ENUM_CONVERSION = YES;
				CLANG_WARN_INFINITE_RECURSION = YES;
				CLANG_WARN_INT_CONVERSION = YES;
				CLANG_WARN_NON_LITERAL_NULL_CONVERSION = YES;
				CLANG_WARN_OBJC_IMPLICIT_RETAIN_SELF = YES;
				CLANG_WARN_OBJC_LITERAL_CONVERSION = YES;
				CLANG_WARN_OBJC_ROOT_CLASS = YES_ERROR;
				CLANG_WARN_RANGE_LOOP_ANALYSIS = YES;
				CLANG_WARN_STRICT_PROTOTYPES = YES;
				CLANG_WARN_SUSPICIOUS_MOVE = YES;
				CLANG_WARN_UNGUARDED_AVAILABILITY = YES_AGGRESSIVE;
				CLANG_WARN_UNREACHABLE_CODE = YES;
				CLANG_WARN__DUPLICATE_METHOD_MATCH = YES;
				CODE_SIGN_IDENTITY = "iPhone Developer";
				COPY_PHASE_STRIP = NO;
				DEBUG_INFORMATION_FORMAT = dwarf;
				ENABLE_STRICT_OBJC_MSGSEND = YES;
				ENABLE_TESTABILITY = YES;
				GCC_C_LANGUAGE_STANDARD = gnu11;
				GCC_DYNAMIC_NO_PIC = NO;
				GCC_NO_COMMON_BLOCKS = YES;
				GCC_OPTIMIZATION_LEVEL = 0;
				GCC_PREPROCESSOR_DEFINITIONS = (
					"DEBUG=1",
					"$(inherited)",
				);
				GCC_WARN_64_TO_32_BIT_CONVERSION = YES;
				GCC_WARN_ABOUT_RETURN_TYPE = YES_ERROR;
				GCC_WARN_UNDECLARED_SELECTOR = YES;
				GCC_WARN_UNINITIALIZED_AUTOS = YES_AGGRESSIVE;
				GCC_WARN_UNUSED_FUNCTION = YES;
				GCC_WARN_UNUSED_VARIABLE = YES;
				IPHONEOS_DEPLOYMENT_TARGET = 11.4;
				MTL_ENABLE_DEBUG_INFO = YES;
				ONLY_ACTIVE_ARCH = YES;
				SDKROOT = iphoneos;
				SWIFT_ACTIVE_COMPILATION_CONDITIONS = DEBUG;
				SWIFT_OPTIMIZATION_LEVEL = "-Onone";
			};
			name = Debug;
		};
		89917D04218D3CC900861141 /* Release */ = {
			isa = XCBuildConfiguration;
			buildSettings = {
				ALWAYS_SEARCH_USER_PATHS = NO;
				CLANG_ANALYZER_NONNULL = YES;
				CLANG_ANALYZER_NUMBER_OBJECT_CONVERSION = YES_AGGRESSIVE;
				CLANG_CXX_LANGUAGE_STANDARD = "gnu++14";
				CLANG_CXX_LIBRARY = "libc++";
				CLANG_ENABLE_MODULES = YES;
				CLANG_ENABLE_OBJC_ARC = YES;
				CLANG_ENABLE_OBJC_WEAK = YES;
				CLANG_WARN_BLOCK_CAPTURE_AUTORELEASING = YES;
				CLANG_WARN_BOOL_CONVERSION = YES;
				CLANG_WARN_COMMA = YES;
				CLANG_WARN_CONSTANT_CONVERSION = YES;
				CLANG_WARN_DEPRECATED_OBJC_IMPLEMENTATIONS = YES;
				CLANG_WARN_DIRECT_OBJC_ISA_USAGE = YES_ERROR;
				CLANG_WARN_DOCUMENTATION_COMMENTS = YES;
				CLANG_WARN_EMPTY_BODY = YES;
				CLANG_WARN_ENUM_CONVERSION = YES;
				CLANG_WARN_INFINITE_RECURSION = YES;
				CLANG_WARN_INT_CONVERSION = YES;
				CLANG_WARN_NON_LITERAL_NULL_CONVERSION = YES;
				CLANG_WARN_OBJC_IMPLICIT_RETAIN_SELF = YES;
				CLANG_WARN_OBJC_LITERAL_CONVERSION = YES;
				CLANG_WARN_OBJC_ROOT_CLASS = YES_ERROR;
				CLANG_WARN_RANGE_LOOP_ANALYSIS = YES;
				CLANG_WARN_STRICT_PROTOTYPES = YES;
				CLANG_WARN_SUSPICIOUS_MOVE = YES;
				CLANG_WARN_UNGUARDED_AVAILABILITY = YES_AGGRESSIVE;
				CLANG_WARN_UNREACHABLE_CODE = YES;
				CLANG_WARN__DUPLICATE_METHOD_MATCH = YES;
				CODE_SIGN_IDENTITY = "iPhone Developer";
				COPY_PHASE_STRIP = NO;
				DEBUG_INFORMATION_FORMAT = "dwarf-with-dsym";
				ENABLE_NS_ASSERTIONS = NO;
				ENABLE_STRICT_OBJC_MSGSEND = YES;
				GCC_C_LANGUAGE_STANDARD = gnu11;
				GCC_NO_COMMON_BLOCKS = YES;
				GCC_WARN_64_TO_32_BIT_CONVERSION = YES;
				GCC_WARN_ABOUT_RETURN_TYPE = YES_ERROR;
				GCC_WARN_UNDECLARED_SELECTOR = YES;
				GCC_WARN_UNINITIALIZED_AUTOS = YES_AGGRESSIVE;
				GCC_WARN_UNUSED_FUNCTION = YES;
				GCC_WARN_UNUSED_VARIABLE = YES;
				IPHONEOS_DEPLOYMENT_TARGET = 11.4;
				MTL_ENABLE_DEBUG_INFO = NO;
				SDKROOT = iphoneos;
				SWIFT_COMPILATION_MODE = wholemodule;
				SWIFT_OPTIMIZATION_LEVEL = "-O";
				VALIDATE_PRODUCT = YES;
			};
			name = Release;
		};
		89917D06218D3CC900861141 /* Debug */ = {
			isa = XCBuildConfiguration;
			baseConfigurationReference = 3CED97FE88849B0AAFBF9525 /* Pods-Cal-Hacks-TBD.debug.xcconfig */;
			buildSettings = {
				ASSETCATALOG_COMPILER_APPICON_NAME = AppIcon;
				CODE_SIGN_STYLE = Automatic;
				DEVELOPMENT_TEAM = 2Y8ATGR3J2;
				INFOPLIST_FILE = "Cal-Hacks-TBD/Info.plist";
				LD_RUNPATH_SEARCH_PATHS = (
					"$(inherited)",
					"@executable_path/Frameworks",
				);
				PRODUCT_BUNDLE_IDENTIFIER = "https---github.com-Colhodm-Cal-Hacks-5.0.Cal-Hacks-TBD";
				PRODUCT_NAME = "$(TARGET_NAME)";
				SWIFT_VERSION = 4.0;
				TARGETED_DEVICE_FAMILY = "1,2";
			};
			name = Debug;
		};
		89917D07218D3CC900861141 /* Release */ = {
			isa = XCBuildConfiguration;
			baseConfigurationReference = 101992B751A676490535F095 /* Pods-Cal-Hacks-TBD.release.xcconfig */;
			buildSettings = {
				ASSETCATALOG_COMPILER_APPICON_NAME = AppIcon;
				CODE_SIGN_STYLE = Automatic;
				DEVELOPMENT_TEAM = 2Y8ATGR3J2;
				INFOPLIST_FILE = "Cal-Hacks-TBD/Info.plist";
				LD_RUNPATH_SEARCH_PATHS = (
					"$(inherited)",
					"@executable_path/Frameworks",
				);
				PRODUCT_BUNDLE_IDENTIFIER = "https---github.com-Colhodm-Cal-Hacks-5.0.Cal-Hacks-TBD";
				PRODUCT_NAME = "$(TARGET_NAME)";
				SWIFT_VERSION = 4.0;
				TARGETED_DEVICE_FAMILY = "1,2";
			};
			name = Release;
		};
		89917D09218D3CC900861141 /* Debug */ = {
			isa = XCBuildConfiguration;
			baseConfigurationReference = 2051F5DCDC2C6537CF5EB28A /* Pods-Cal-Hacks-TBDTests.debug.xcconfig */;
			buildSettings = {
				ALWAYS_EMBED_SWIFT_STANDARD_LIBRARIES = YES;
				BUNDLE_LOADER = "$(TEST_HOST)";
				CODE_SIGN_STYLE = Automatic;
				DEVELOPMENT_TEAM = 2Y8ATGR3J2;
				INFOPLIST_FILE = "Cal-Hacks-TBDTests/Info.plist";
				LD_RUNPATH_SEARCH_PATHS = (
					"$(inherited)",
					"@executable_path/Frameworks",
					"@loader_path/Frameworks",
				);
				PRODUCT_BUNDLE_IDENTIFIER = "https---github.com-Colhodm-Cal-Hacks-5.0.Cal-Hacks-TBDTests";
				PRODUCT_NAME = "$(TARGET_NAME)";
				SWIFT_VERSION = 4.0;
				TARGETED_DEVICE_FAMILY = "1,2";
				TEST_HOST = "$(BUILT_PRODUCTS_DIR)/Cal-Hacks-TBD.app/Cal-Hacks-TBD";
			};
			name = Debug;
		};
		89917D0A218D3CC900861141 /* Release */ = {
			isa = XCBuildConfiguration;
			baseConfigurationReference = FF07E1E37DA08C86FFD9E586 /* Pods-Cal-Hacks-TBDTests.release.xcconfig */;
			buildSettings = {
				ALWAYS_EMBED_SWIFT_STANDARD_LIBRARIES = YES;
				BUNDLE_LOADER = "$(TEST_HOST)";
				CODE_SIGN_STYLE = Automatic;
				DEVELOPMENT_TEAM = 2Y8ATGR3J2;
				INFOPLIST_FILE = "Cal-Hacks-TBDTests/Info.plist";
				LD_RUNPATH_SEARCH_PATHS = (
					"$(inherited)",
					"@executable_path/Frameworks",
					"@loader_path/Frameworks",
				);
				PRODUCT_BUNDLE_IDENTIFIER = "https---github.com-Colhodm-Cal-Hacks-5.0.Cal-Hacks-TBDTests";
				PRODUCT_NAME = "$(TARGET_NAME)";
				SWIFT_VERSION = 4.0;
				TARGETED_DEVICE_FAMILY = "1,2";
				TEST_HOST = "$(BUILT_PRODUCTS_DIR)/Cal-Hacks-TBD.app/Cal-Hacks-TBD";
			};
			name = Release;
		};
		89917D0C218D3CC900861141 /* Debug */ = {
			isa = XCBuildConfiguration;
			baseConfigurationReference = 54C8615B64C88ED35A152416 /* Pods-Cal-Hacks-TBDUITests.debug.xcconfig */;
			buildSettings = {
				ALWAYS_EMBED_SWIFT_STANDARD_LIBRARIES = YES;
				CODE_SIGN_STYLE = Automatic;
				DEVELOPMENT_TEAM = 2Y8ATGR3J2;
				INFOPLIST_FILE = "Cal-Hacks-TBDUITests/Info.plist";
				LD_RUNPATH_SEARCH_PATHS = (
					"$(inherited)",
					"@executable_path/Frameworks",
					"@loader_path/Frameworks",
				);
				PRODUCT_BUNDLE_IDENTIFIER = "https---github.com-Colhodm-Cal-Hacks-5.0.Cal-Hacks-TBDUITests";
				PRODUCT_NAME = "$(TARGET_NAME)";
				SWIFT_VERSION = 4.0;
				TARGETED_DEVICE_FAMILY = "1,2";
				TEST_TARGET_NAME = "Cal-Hacks-TBD";
			};
			name = Debug;
		};
		89917D0D218D3CC900861141 /* Release */ = {
			isa = XCBuildConfiguration;
			baseConfigurationReference = 278A200F437F689B9D8673A3 /* Pods-Cal-Hacks-TBDUITests.release.xcconfig */;
			buildSettings = {
				ALWAYS_EMBED_SWIFT_STANDARD_LIBRARIES = YES;
				CODE_SIGN_STYLE = Automatic;
				DEVELOPMENT_TEAM = 2Y8ATGR3J2;
				INFOPLIST_FILE = "Cal-Hacks-TBDUITests/Info.plist";
				LD_RUNPATH_SEARCH_PATHS = (
					"$(inherited)",
					"@executable_path/Frameworks",
					"@loader_path/Frameworks",
				);
				PRODUCT_BUNDLE_IDENTIFIER = "https---github.com-Colhodm-Cal-Hacks-5.0.Cal-Hacks-TBDUITests";
				PRODUCT_NAME = "$(TARGET_NAME)";
				SWIFT_VERSION = 4.0;
				TARGETED_DEVICE_FAMILY = "1,2";
				TEST_TARGET_NAME = "Cal-Hacks-TBD";
			};
			name = Release;
		};
/* End XCBuildConfiguration section */

/* Begin XCConfigurationList section */
		89917CD8218D3CC700861141 /* Build configuration list for PBXProject "Cal-Hacks-TBD" */ = {
			isa = XCConfigurationList;
			buildConfigurations = (
				89917D03218D3CC900861141 /* Debug */,
				89917D04218D3CC900861141 /* Release */,
			);
			defaultConfigurationIsVisible = 0;
			defaultConfigurationName = Release;
		};
		89917D05218D3CC900861141 /* Build configuration list for PBXNativeTarget "Cal-Hacks-TBD" */ = {
			isa = XCConfigurationList;
			buildConfigurations = (
				89917D06218D3CC900861141 /* Debug */,
				89917D07218D3CC900861141 /* Release */,
			);
			defaultConfigurationIsVisible = 0;
			defaultConfigurationName = Release;
		};
		89917D08218D3CC900861141 /* Build configuration list for PBXNativeTarget "Cal-Hacks-TBDTests" */ = {
			isa = XCConfigurationList;
			buildConfigurations = (
				89917D09218D3CC900861141 /* Debug */,
				89917D0A218D3CC900861141 /* Release */,
			);
			defaultConfigurationIsVisible = 0;
			defaultConfigurationName = Release;
		};
		89917D0B218D3CC900861141 /* Build configuration list for PBXNativeTarget "Cal-Hacks-TBDUITests" */ = {
			isa = XCConfigurationList;
			buildConfigurations = (
				89917D0C218D3CC900861141 /* Debug */,
				89917D0D218D3CC900861141 /* Release */,
			);
			defaultConfigurationIsVisible = 0;
			defaultConfigurationName = Release;
		};
/* End XCConfigurationList section */
	};
	rootObject = 89917CD5218D3CC700861141 /* Project object */;
}
